
Microsoft Visual Studio Solution File, Format Version 12.00
# Visual Studio Version 17
VisualStudioVersion = 17.10.35027.167
MinimumVisualStudioVersion = 10.0.40219.1
Project("{FAE04EC0-301F-11D3-BF4B-00C04F79EFBC}") = "ReadAndDisplayColourImage", "ReadAndDisplayColourImage\ReadAndDisplayColourImage.csproj", "{42F3F42D-FB80-4373-B8BA-0B633E3B8CC2}"
EndProject
Global
	GlobalSection(SolutionConfigurationPlatforms) = preSolution
		Debug|Any CPU = Debug|Any CPU
		Release|Any CPU = Release|Any CPU
	EndGlobalSection
	GlobalSection(ProjectConfigurationPlatforms) = postSolution
		{42F3F42D-FB80-4373-B8BA-0B633E3B8CC2}.Debug|Any CPU.ActiveCfg = Debug|Any CPU
		{42F3F42D-FB80-4373-B8BA-0B633E3B8CC2}.Debug|Any CPU.Build.0 = Debug|Any CPU
		{42F3F42D-FB80-4373-B8BA-0B633E3B8CC2}.Release|Any CPU.ActiveCfg = Release|Any CPU
		{42F3F42D-FB80-4373-B8BA-0B633E3B8CC2}.Release|Any CPU.Build.0 = Release|Any CPU
	EndGlobalSection
	GlobalSection(SolutionProperties) = preSolution
		HideSolutionNode = FALSE
	EndGlobalSection
	GlobalSection(ExtensibilityGlobals) = postSolution
		SolutionGuid = {E308108B-F4E8-4C54-B08D-5BABAE2DDAD3}
	EndGlobalSection
EndGlobal
